{
  "name": "nanoleaf",
  "version": "0.0.0",
  "lockfileVersion": 3,
  "requires": true,
  "packages": {
    "": {
      "name": "nanoleaf",
      "version": "0.0.0",
      "license": "UNLICENSED",
      "dependencies": {
        "@hedia/env": "2.3.1"
      },
      "devDependencies": {
        "@hedia/prettier-config": "1.0.6",
        "prettier": "3.3.2"
      },
      "engines": {
        "node": ">=20",
        "npm": ">=10"
      }
    },
    "node_modules/@hedia/env": {
      "version": "2.3.1",
      "resolved": "https://registry.npmjs.org/@hedia/env/-/env-2.3.1.tgz",
      "integrity": "sha512-YNMeI0l4/3n65BmNle1c3Et7n9akAqbql8VQubhhPCoTgHWMtu/gXPvENAVBPl2P1rDAPUXYnQwv6w6MWH6YIA==",
      "engines": {
        "node": ">=18",
        "npm": ">=9"
      }
    },
    "node_modules/@hedia/prettier-config": {
      "version": "1.0.6",
      "resolved": "https://registry.npmjs.org/@hedia/prettier-config/-/prettier-config-1.0.6.tgz",
      "integrity": "sha512-VpoUmJc7xjSL43512V8i4Pu7ONf3y1CrYOZ0CbYo8yjCe5tUQALJlK3VxettLntVaPVgGL39D1Q+Jia6RASngg==",
      "dev": true,
      "engines": {
        "node": ">=18",
        "npm": ">=9"
      }
    },
    "node_modules/prettier": {
      "version": "3.3.2",
      "resolved": "https://registry.npmjs.org/prettier/-/prettier-3.3.2.tgz",
      "integrity": "sha512-rAVeHYMcv8ATV5d508CFdn+8/pHPpXeIid1DdrPwXnaAdH7cqjVbpJaT5eq4yRAFU/lsbwYwSF/n5iNrdJHPQA==",
      "dev": true,
      "bin": {
        "prettier": "bin/prettier.cjs"
      },
      "engines": {
        "node": ">=14"
      },
      "funding": {
        "url": "https://github.com/prettier/prettier?sponsor=1"
      }
    }
  }
}
